# This file is automatically @generated by Cargo.
# It is not intended for manual editing.
[[package]]
name = "arbitrary"
version = "0.4.5"
source = "registry+https://github.com/rust-lang/crates.io-index"
checksum = "7cb544f1057eaaff4b34f8c4dcf56fc3cd04debd291998405d135017a7c3c0f4"

[[package]]
name = "cc"
version = "1.0.57"
source = "registry+https://github.com/rust-lang/crates.io-index"
checksum = "0fde55d2a2bfaa4c9668bbc63f531fbdeee3ffe188f4662511ce2c22b3eedebe"

[[package]]
name = "libfuzzer-sys"
version = "0.3.2"
source = "registry+https://github.com/rust-lang/crates.io-index"
checksum = "8d718794b8e23533b9069bd2c4597d69e41cc7ab1c02700a502971aca0cdcf24"
dependencies = [
 "arbitrary",
 "cc",
]

[[package]]
name = "minimal-yaml"
version = "0.1.0"

[[package]]
name = "minimal-yaml-fuzz"
version = "0.0.0"
dependencies = [
 "libfuzzer-sys",
 "minimal-yaml",
]
